
Microsoft Visual Studio Solution File, Format Version 12.00
# Visual Studio 15
VisualStudioVersion = 15.0.26430.13
MinimumVisualStudioVersion = 10.0.40219.1
Project("{8BC9CEB8-8B4A-11D0-8D11-00A0C91BC942}") = "greensfunctions", "GreensFunctions\greensfunctions.vcxproj", "{973748F2-843E-43C2-A8A8-9E020DE0ECB6}"
	ProjectSection(ProjectDependencies) = postProject
		{A7C7410E-2E68-4820-AD76-783D3A16A788} = {A7C7410E-2E68-4820-AD76-783D3A16A788}
		{129CD5F0-9C5D-4B9B-80DA-BB494EDDB5AC} = {129CD5F0-9C5D-4B9B-80DA-BB494EDDB5AC}
	EndProjectSection
EndProject
Project("{8BC9CEB8-8B4A-11D0-8D11-00A0C91BC942}") = "eGFRD", "eGFRD\eGFRD.vcxproj", "{71B4CDFF-D7F0-41A2-855E-C84C433A8791}"
	ProjectSection(ProjectDependencies) = postProject
		{A7C7410E-2E68-4820-AD76-783D3A16A788} = {A7C7410E-2E68-4820-AD76-783D3A16A788}
		{973748F2-843E-43C2-A8A8-9E020DE0ECB6} = {973748F2-843E-43C2-A8A8-9E020DE0ECB6}
	EndProjectSection
EndProject
Project("{8BC9CEB8-8B4A-11D0-8D11-00A0C91BC942}") = "TestGreensFunctions", "UnitTest\TestGreensFunctions\TestGreensFunctions.vcxproj", "{F3D82097-610E-4E8E-9D64-582FBB2D12F3}"
	ProjectSection(ProjectDependencies) = postProject
		{973748F2-843E-43C2-A8A8-9E020DE0ECB6} = {973748F2-843E-43C2-A8A8-9E020DE0ECB6}
	EndProjectSection
EndProject
Project("{2150E333-8FDC-42A3-9474-1A3956D46DE8}") = "UnitTest", "UnitTest", "{3809D2E7-64A0-4CCC-B703-29E6390ABE78}"
EndProject
Project("{8BC9CEB8-8B4A-11D0-8D11-00A0C91BC942}") = "TestGFRD", "UnitTest\TestGFRD\TestGFRD.vcxproj", "{99023DEF-A838-45DC-BDF2-06457EB987C2}"
	ProjectSection(ProjectDependencies) = postProject
		{71B4CDFF-D7F0-41A2-855E-C84C433A8791} = {71B4CDFF-D7F0-41A2-855E-C84C433A8791}
	EndProjectSection
EndProject
Project("{2150E333-8FDC-42A3-9474-1A3956D46DE8}") = "Support", "Support", "{F60DD747-9193-43F6-8861-C7F13197D87D}"
EndProject
Project("{8BC9CEB8-8B4A-11D0-8D11-00A0C91BC942}") = "gfrdVisualizer", "Support\gfrdVisualizer\gfrdVisualizer.vcxproj", "{AB0C9DCE-1278-4979-A198-87ECC5CD6569}"
	ProjectSection(ProjectDependencies) = postProject
		{A7C7410E-2E68-4820-AD76-783D3A16A788} = {A7C7410E-2E68-4820-AD76-783D3A16A788}
		{973748F2-843E-43C2-A8A8-9E020DE0ECB6} = {973748F2-843E-43C2-A8A8-9E020DE0ECB6}
		{71B4CDFF-D7F0-41A2-855E-C84C433A8791} = {71B4CDFF-D7F0-41A2-855E-C84C433A8791}
	EndProjectSection
EndProject
Project("{8BC9CEB8-8B4A-11D0-8D11-00A0C91BC942}") = "Logger", "Support\Logger\Logger.vcxproj", "{A7C7410E-2E68-4820-AD76-783D3A16A788}"
EndProject
Project("{8BC9CEB8-8B4A-11D0-8D11-00A0C91BC942}") = "genBesselTables", "Support\genBesselTables\genBesselTables.vcxproj", "{129CD5F0-9C5D-4B9B-80DA-BB494EDDB5AC}"
EndProject
Project("{8BC9CEB8-8B4A-11D0-8D11-00A0C91BC942}") = "RunGfrd", "Support\RunGfrd\RunGfrd.vcxproj", "{66221C3B-C78C-44B3-BFC8-D18D9404ED75}"
	ProjectSection(ProjectDependencies) = postProject
		{A7C7410E-2E68-4820-AD76-783D3A16A788} = {A7C7410E-2E68-4820-AD76-783D3A16A788}
		{973748F2-843E-43C2-A8A8-9E020DE0ECB6} = {973748F2-843E-43C2-A8A8-9E020DE0ECB6}
		{71B4CDFF-D7F0-41A2-855E-C84C433A8791} = {71B4CDFF-D7F0-41A2-855E-C84C433A8791}
	EndProjectSection
EndProject
Project("{8BC9CEB8-8B4A-11D0-8D11-00A0C91BC942}") = "SeedGenerator", "Support\SeedGenerator\SeedGenerator.vcxproj", "{49F165AF-0AB3-483C-ABB9-F87EC7C3FB7A}"
EndProject
Global
	GlobalSection(SolutionConfigurationPlatforms) = preSolution
		Debug|Win32 = Debug|Win32
		Debug|x64 = Debug|x64
		Release|Win32 = Release|Win32
		Release|x64 = Release|x64
	EndGlobalSection
	GlobalSection(ProjectConfigurationPlatforms) = postSolution
		{973748F2-843E-43C2-A8A8-9E020DE0ECB6}.Debug|Win32.ActiveCfg = Debug|Win32
		{973748F2-843E-43C2-A8A8-9E020DE0ECB6}.Debug|Win32.Build.0 = Debug|Win32
		{973748F2-843E-43C2-A8A8-9E020DE0ECB6}.Debug|x64.ActiveCfg = Debug|x64
		{973748F2-843E-43C2-A8A8-9E020DE0ECB6}.Debug|x64.Build.0 = Debug|x64
		{973748F2-843E-43C2-A8A8-9E020DE0ECB6}.Release|Win32.ActiveCfg = Release|Win32
		{973748F2-843E-43C2-A8A8-9E020DE0ECB6}.Release|Win32.Build.0 = Release|Win32
		{973748F2-843E-43C2-A8A8-9E020DE0ECB6}.Release|x64.ActiveCfg = Release|x64
		{973748F2-843E-43C2-A8A8-9E020DE0ECB6}.Release|x64.Build.0 = Release|x64
		{71B4CDFF-D7F0-41A2-855E-C84C433A8791}.Debug|Win32.ActiveCfg = Debug|Win32
		{71B4CDFF-D7F0-41A2-855E-C84C433A8791}.Debug|Win32.Build.0 = Debug|Win32
		{71B4CDFF-D7F0-41A2-855E-C84C433A8791}.Debug|x64.ActiveCfg = Debug|x64
		{71B4CDFF-D7F0-41A2-855E-C84C433A8791}.Debug|x64.Build.0 = Debug|x64
		{71B4CDFF-D7F0-41A2-855E-C84C433A8791}.Release|Win32.ActiveCfg = Release|Win32
		{71B4CDFF-D7F0-41A2-855E-C84C433A8791}.Release|Win32.Build.0 = Release|Win32
		{71B4CDFF-D7F0-41A2-855E-C84C433A8791}.Release|x64.ActiveCfg = Release|x64
		{71B4CDFF-D7F0-41A2-855E-C84C433A8791}.Release|x64.Build.0 = Release|x64
		{F3D82097-610E-4E8E-9D64-582FBB2D12F3}.Debug|Win32.ActiveCfg = Debug|Win32
		{F3D82097-610E-4E8E-9D64-582FBB2D12F3}.Debug|Win32.Build.0 = Debug|Win32
		{F3D82097-610E-4E8E-9D64-582FBB2D12F3}.Debug|x64.ActiveCfg = Debug|x64
		{F3D82097-610E-4E8E-9D64-582FBB2D12F3}.Debug|x64.Build.0 = Debug|x64
		{F3D82097-610E-4E8E-9D64-582FBB2D12F3}.Release|Win32.ActiveCfg = Release|Win32
		{F3D82097-610E-4E8E-9D64-582FBB2D12F3}.Release|Win32.Build.0 = Release|Win32
		{F3D82097-610E-4E8E-9D64-582FBB2D12F3}.Release|x64.ActiveCfg = Release|x64
		{F3D82097-610E-4E8E-9D64-582FBB2D12F3}.Release|x64.Build.0 = Release|x64
		{99023DEF-A838-45DC-BDF2-06457EB987C2}.Debug|Win32.ActiveCfg = Debug|Win32
		{99023DEF-A838-45DC-BDF2-06457EB987C2}.Debug|Win32.Build.0 = Debug|Win32
		{99023DEF-A838-45DC-BDF2-06457EB987C2}.Debug|x64.ActiveCfg = Debug|x64
		{99023DEF-A838-45DC-BDF2-06457EB987C2}.Debug|x64.Build.0 = Debug|x64
		{99023DEF-A838-45DC-BDF2-06457EB987C2}.Release|Win32.ActiveCfg = Release|Win32
		{99023DEF-A838-45DC-BDF2-06457EB987C2}.Release|Win32.Build.0 = Release|Win32
		{99023DEF-A838-45DC-BDF2-06457EB987C2}.Release|x64.ActiveCfg = Release|x64
		{99023DEF-A838-45DC-BDF2-06457EB987C2}.Release|x64.Build.0 = Release|x64
		{AB0C9DCE-1278-4979-A198-87ECC5CD6569}.Debug|Win32.ActiveCfg = Debug|Win32
		{AB0C9DCE-1278-4979-A198-87ECC5CD6569}.Debug|Win32.Build.0 = Debug|Win32
		{AB0C9DCE-1278-4979-A198-87ECC5CD6569}.Debug|x64.ActiveCfg = Debug|x64
		{AB0C9DCE-1278-4979-A198-87ECC5CD6569}.Debug|x64.Build.0 = Debug|x64
		{AB0C9DCE-1278-4979-A198-87ECC5CD6569}.Release|Win32.ActiveCfg = Release|Win32
		{AB0C9DCE-1278-4979-A198-87ECC5CD6569}.Release|Win32.Build.0 = Release|Win32
		{AB0C9DCE-1278-4979-A198-87ECC5CD6569}.Release|x64.ActiveCfg = Release|x64
		{AB0C9DCE-1278-4979-A198-87ECC5CD6569}.Release|x64.Build.0 = Release|x64
		{A7C7410E-2E68-4820-AD76-783D3A16A788}.Debug|Win32.ActiveCfg = Debug|Win32
		{A7C7410E-2E68-4820-AD76-783D3A16A788}.Debug|Win32.Build.0 = Debug|Win32
		{A7C7410E-2E68-4820-AD76-783D3A16A788}.Debug|x64.ActiveCfg = Debug|x64
		{A7C7410E-2E68-4820-AD76-783D3A16A788}.Debug|x64.Build.0 = Debug|x64
		{A7C7410E-2E68-4820-AD76-783D3A16A788}.Release|Win32.ActiveCfg = Release|Win32
		{A7C7410E-2E68-4820-AD76-783D3A16A788}.Release|Win32.Build.0 = Release|Win32
		{A7C7410E-2E68-4820-AD76-783D3A16A788}.Release|x64.ActiveCfg = Release|x64
		{A7C7410E-2E68-4820-AD76-783D3A16A788}.Release|x64.Build.0 = Release|x64
		{129CD5F0-9C5D-4B9B-80DA-BB494EDDB5AC}.Debug|Win32.ActiveCfg = Debug|Win32
		{129CD5F0-9C5D-4B9B-80DA-BB494EDDB5AC}.Debug|Win32.Build.0 = Debug|Win32
		{129CD5F0-9C5D-4B9B-80DA-BB494EDDB5AC}.Debug|x64.ActiveCfg = Debug|x64
		{129CD5F0-9C5D-4B9B-80DA-BB494EDDB5AC}.Debug|x64.Build.0 = Debug|x64
		{129CD5F0-9C5D-4B9B-80DA-BB494EDDB5AC}.Release|Win32.ActiveCfg = Release|Win32
		{129CD5F0-9C5D-4B9B-80DA-BB494EDDB5AC}.Release|Win32.Build.0 = Release|Win32
		{129CD5F0-9C5D-4B9B-80DA-BB494EDDB5AC}.Release|x64.ActiveCfg = Release|x64
		{129CD5F0-9C5D-4B9B-80DA-BB494EDDB5AC}.Release|x64.Build.0 = Release|x64
		{66221C3B-C78C-44B3-BFC8-D18D9404ED75}.Debug|Win32.ActiveCfg = Debug|Win32
		{66221C3B-C78C-44B3-BFC8-D18D9404ED75}.Debug|Win32.Build.0 = Debug|Win32
		{66221C3B-C78C-44B3-BFC8-D18D9404ED75}.Debug|x64.ActiveCfg = Debug|x64
		{66221C3B-C78C-44B3-BFC8-D18D9404ED75}.Debug|x64.Build.0 = Debug|x64
		{66221C3B-C78C-44B3-BFC8-D18D9404ED75}.Release|Win32.ActiveCfg = Release|Win32
		{66221C3B-C78C-44B3-BFC8-D18D9404ED75}.Release|Win32.Build.0 = Release|Win32
		{66221C3B-C78C-44B3-BFC8-D18D9404ED75}.Release|x64.ActiveCfg = Release|x64
		{66221C3B-C78C-44B3-BFC8-D18D9404ED75}.Release|x64.Build.0 = Release|x64
		{49F165AF-0AB3-483C-ABB9-F87EC7C3FB7A}.Debug|Win32.ActiveCfg = Debug|Win32
		{49F165AF-0AB3-483C-ABB9-F87EC7C3FB7A}.Debug|Win32.Build.0 = Debug|Win32
		{49F165AF-0AB3-483C-ABB9-F87EC7C3FB7A}.Debug|x64.ActiveCfg = Debug|x64
		{49F165AF-0AB3-483C-ABB9-F87EC7C3FB7A}.Debug|x64.Build.0 = Debug|x64
		{49F165AF-0AB3-483C-ABB9-F87EC7C3FB7A}.Release|Win32.ActiveCfg = Release|Win32
		{49F165AF-0AB3-483C-ABB9-F87EC7C3FB7A}.Release|Win32.Build.0 = Release|Win32
		{49F165AF-0AB3-483C-ABB9-F87EC7C3FB7A}.Release|x64.ActiveCfg = Release|x64
		{49F165AF-0AB3-483C-ABB9-F87EC7C3FB7A}.Release|x64.Build.0 = Release|x64
	EndGlobalSection
	GlobalSection(SolutionProperties) = preSolution
		HideSolutionNode = FALSE
	EndGlobalSection
	GlobalSection(NestedProjects) = preSolution
		{F3D82097-610E-4E8E-9D64-582FBB2D12F3} = {3809D2E7-64A0-4CCC-B703-29E6390ABE78}
		{99023DEF-A838-45DC-BDF2-06457EB987C2} = {3809D2E7-64A0-4CCC-B703-29E6390ABE78}
		{AB0C9DCE-1278-4979-A198-87ECC5CD6569} = {F60DD747-9193-43F6-8861-C7F13197D87D}
		{A7C7410E-2E68-4820-AD76-783D3A16A788} = {F60DD747-9193-43F6-8861-C7F13197D87D}
		{129CD5F0-9C5D-4B9B-80DA-BB494EDDB5AC} = {F60DD747-9193-43F6-8861-C7F13197D87D}
		{66221C3B-C78C-44B3-BFC8-D18D9404ED75} = {F60DD747-9193-43F6-8861-C7F13197D87D}
		{49F165AF-0AB3-483C-ABB9-F87EC7C3FB7A} = {F60DD747-9193-43F6-8861-C7F13197D87D}
	EndGlobalSection
EndGlobal
