<?xml version="1.0" encoding="utf-8"?>
<Project ToolsVersion="4.0" xmlns="http://schemas.microsoft.com/developer/msbuild/2003">
  <ItemGroup>
    <Filter Include="Utils">
      <UniqueIdentifier>{613431df-a81d-43ad-9a22-b70bbfc1a347}</UniqueIdentifier>
    </Filter>
    <Filter Include="GreensFunctions">
      <UniqueIdentifier>{03c21a1b-c443-4efc-929d-fac7e4ee8e17}</UniqueIdentifier>
    </Filter>
    <Filter Include="Math">
      <UniqueIdentifier>{bff01ac2-8f44-4a44-8b82-c1e790cc5408}</UniqueIdentifier>
    </Filter>
  </ItemGroup>
  <ItemGroup>
    <ClCompile Include="GreensFunction1DAbsAbs.cpp">
      <Filter>GreensFunctions</Filter>
    </ClCompile>
    <ClCompile Include="GreensFunction1DAbsSinkAbs.cpp">
      <Filter>GreensFunctions</Filter>
    </ClCompile>
    <ClCompile Include="GreensFunction1DRadAbs.cpp">
      <Filter>GreensFunctions</Filter>
    </ClCompile>
    <ClCompile Include="GreensFunction2DAbsSym.cpp">
      <Filter>GreensFunctions</Filter>
    </ClCompile>
    <ClCompile Include="GreensFunction2DRadAbs.cpp">
      <Filter>GreensFunctions</Filter>
    </ClCompile>
    <ClCompile Include="GreensFunction3D.cpp">
      <Filter>GreensFunctions</Filter>
    </ClCompile>
    <ClCompile Include="GreensFunction3DAbs.cpp">
      <Filter>GreensFunctions</Filter>
    </ClCompile>
    <ClCompile Include="GreensFunction3DAbsSym.cpp">
      <Filter>GreensFunctions</Filter>
    </ClCompile>
    <ClCompile Include="GreensFunction3DRadAbs.cpp">
      <Filter>GreensFunctions</Filter>
    </ClCompile>
    <ClCompile Include="GreensFunction3DRadInf.cpp">
      <Filter>GreensFunctions</Filter>
    </ClCompile>
    <ClCompile Include="GreensFunction3DSym.cpp">
      <Filter>GreensFunctions</Filter>
    </ClCompile>
    <ClCompile Include="CylindricalBesselGenerator.cpp">
      <Filter>Math</Filter>
    </ClCompile>
    <ClCompile Include="SphericalBesselGenerator.cpp">
      <Filter>Math</Filter>
    </ClCompile>
    <ClCompile Include="freeFunctions.cpp">
      <Filter>Math</Filter>
    </ClCompile>
    <ClCompile Include="helperFunctionsGf.cpp">
      <Filter>Utils</Filter>
    </ClCompile>
  </ItemGroup>
  <ItemGroup>
    <ClInclude Include="GreensFunction.hpp">
      <Filter>GreensFunctions</Filter>
    </ClInclude>
    <ClInclude Include="GreensFunction1DAbsAbs.hpp">
      <Filter>GreensFunctions</Filter>
    </ClInclude>
    <ClInclude Include="GreensFunction1DAbsSinkAbs.hpp">
      <Filter>GreensFunctions</Filter>
    </ClInclude>
    <ClInclude Include="GreensFunction1DRadAbs.hpp">
      <Filter>GreensFunctions</Filter>
    </ClInclude>
    <ClInclude Include="GreensFunction2DAbsSym.hpp">
      <Filter>GreensFunctions</Filter>
    </ClInclude>
    <ClInclude Include="GreensFunction2DRadAbs.hpp">
      <Filter>GreensFunctions</Filter>
    </ClInclude>
    <ClInclude Include="GreensFunction3D.hpp">
      <Filter>GreensFunctions</Filter>
    </ClInclude>
    <ClInclude Include="GreensFunction3DAbs.hpp">
      <Filter>GreensFunctions</Filter>
    </ClInclude>
    <ClInclude Include="GreensFunction3DAbsSym.hpp">
      <Filter>GreensFunctions</Filter>
    </ClInclude>
    <ClInclude Include="GreensFunction3DRadAbs.hpp">
      <Filter>GreensFunctions</Filter>
    </ClInclude>
    <ClInclude Include="GreensFunction3DRadInf.hpp">
      <Filter>GreensFunctions</Filter>
    </ClInclude>
    <ClInclude Include="GreensFunction3DSym.hpp">
      <Filter>GreensFunctions</Filter>
    </ClInclude>
    <ClInclude Include="PairGreensFunction.hpp">
      <Filter>GreensFunctions</Filter>
    </ClInclude>
    <ClInclude Include="DefsGf.hpp" />
    <ClInclude Include="CylindricalBesselGenerator.hpp">
      <Filter>Math</Filter>
    </ClInclude>
    <ClInclude Include="SphericalBesselGenerator.hpp">
      <Filter>Math</Filter>
    </ClInclude>
    <ClInclude Include="freeFunctions.hpp">
      <Filter>Math</Filter>
    </ClInclude>
    <ClInclude Include="helperFunctionsGf.hpp">
      <Filter>Utils</Filter>
    </ClInclude>
  </ItemGroup>
  <ItemGroup>
    <None Include="greensfunctions.cd" />
  </ItemGroup>
</Project>