<?xml version="1.0" encoding="utf-8"?>
<Project ToolsVersion="4.0" xmlns="http://schemas.microsoft.com/developer/msbuild/2003">
  <ItemGroup>
    <Filter Include="Shapes">
      <UniqueIdentifier>{a9af93cc-553e-47cf-9999-35746c10fb28}</UniqueIdentifier>
    </Filter>
    <Filter Include="Math">
      <UniqueIdentifier>{0396b18e-dffc-458f-bec4-3c1156ec4f2e}</UniqueIdentifier>
    </Filter>
    <Filter Include="Identifiers">
      <UniqueIdentifier>{17c0cde1-88e1-4a60-9386-f57587505ffd}</UniqueIdentifier>
    </Filter>
    <Filter Include="Utils">
      <UniqueIdentifier>{db909b6e-d3ec-4ac3-949c-151c36e8a3e3}</UniqueIdentifier>
    </Filter>
    <Filter Include="Simulator">
      <UniqueIdentifier>{bf57de03-8702-47aa-9b0b-dc7ea2e15b23}</UniqueIdentifier>
    </Filter>
    <Filter Include="Structures">
      <UniqueIdentifier>{ddd81372-6cfc-4b0d-a6dd-4ec1c00d0ec2}</UniqueIdentifier>
    </Filter>
    <Filter Include="Scheduler">
      <UniqueIdentifier>{6085dbac-71d6-428d-8a11-26570efb349e}</UniqueIdentifier>
    </Filter>
    <Filter Include="Models">
      <UniqueIdentifier>{4ac6aa25-8b32-4124-bc0d-b9c1e448694a}</UniqueIdentifier>
    </Filter>
  </ItemGroup>
  <ItemGroup>
    <ClInclude Include="Box.hpp">
      <Filter>Shapes</Filter>
    </ClInclude>
    <ClInclude Include="Cylinder.hpp">
      <Filter>Shapes</Filter>
    </ClInclude>
    <ClInclude Include="Vector2.hpp">
      <Filter>Math</Filter>
    </ClInclude>
    <ClInclude Include="Vector3.hpp">
      <Filter>Math</Filter>
    </ClInclude>
    <ClInclude Include="Sphere.hpp">
      <Filter>Shapes</Filter>
    </ClInclude>
    <ClInclude Include="DynamicPriorityQueue.hpp">
      <Filter>Scheduler</Filter>
    </ClInclude>
    <ClInclude Include="EventScheduler.hpp">
      <Filter>Scheduler</Filter>
    </ClInclude>
    <ClInclude Include="DefsEgfrd.hpp" />
    <ClInclude Include="Disk.hpp">
      <Filter>Shapes</Filter>
    </ClInclude>
    <ClInclude Include="Plane.hpp">
      <Filter>Shapes</Filter>
    </ClInclude>
    <ClInclude Include="DomainID.hpp">
      <Filter>Identifiers</Filter>
    </ClInclude>
    <ClInclude Include="Identifier.hpp">
      <Filter>Identifiers</Filter>
    </ClInclude>
    <ClInclude Include="ParticleID.hpp">
      <Filter>Identifiers</Filter>
    </ClInclude>
    <ClInclude Include="ShellID.hpp">
      <Filter>Identifiers</Filter>
    </ClInclude>
    <ClInclude Include="SpeciesTypeID.hpp">
      <Filter>Identifiers</Filter>
    </ClInclude>
    <ClInclude Include="StructureID.hpp">
      <Filter>Identifiers</Filter>
    </ClInclude>
    <ClInclude Include="helperFunctions.hpp">
      <Filter>Utils</Filter>
    </ClInclude>
    <ClInclude Include="Particle.hpp">
      <Filter>Simulator</Filter>
    </ClInclude>
    <ClInclude Include="SerialIDGenerator.hpp">
      <Filter>Identifiers</Filter>
    </ClInclude>
    <ClInclude Include="Structure.hpp">
      <Filter>Structures</Filter>
    </ClInclude>
    <ClInclude Include="exceptions.hpp">
      <Filter>Utils</Filter>
    </ClInclude>
    <ClInclude Include="randomNumberGenerator.hpp">
      <Filter>Utils</Filter>
    </ClInclude>
    <ClInclude Include="Surface.hpp">
      <Filter>Structures</Filter>
    </ClInclude>
    <ClInclude Include="Region.hpp">
      <Filter>Structures</Filter>
    </ClInclude>
    <ClInclude Include="CylindricalSurface.hpp">
      <Filter>Structures</Filter>
    </ClInclude>
    <ClInclude Include="CuboidalRegion.hpp">
      <Filter>Structures</Filter>
    </ClInclude>
    <ClInclude Include="DiskSurface.hpp">
      <Filter>Structures</Filter>
    </ClInclude>
    <ClInclude Include="PlanarSurface.hpp">
      <Filter>Structures</Filter>
    </ClInclude>
    <ClInclude Include="StructureContainer.hpp">
      <Filter>Structures</Filter>
    </ClInclude>
    <ClInclude Include="SphericalSurface.hpp">
      <Filter>Structures</Filter>
    </ClInclude>
    <ClInclude Include="makeString.hpp">
      <Filter>Utils</Filter>
    </ClInclude>
    <ClInclude Include="ConnectivityContainer.hpp">
      <Filter>Structures</Filter>
    </ClInclude>
    <ClInclude Include="MatrixSpace.hpp">
      <Filter>Simulator</Filter>
    </ClInclude>
    <ClInclude Include="ParticleContainer.hpp">
      <Filter>Simulator</Filter>
    </ClInclude>
    <ClInclude Include="Model.hpp">
      <Filter>Models</Filter>
    </ClInclude>
    <ClInclude Include="SpeciesType.hpp">
      <Filter>Models</Filter>
    </ClInclude>
    <ClInclude Include="ReactionRule.hpp">
      <Filter>Models</Filter>
    </ClInclude>
    <ClInclude Include="ReactionRuleID.hpp">
      <Filter>Identifiers</Filter>
    </ClInclude>
    <ClInclude Include="Reactants.hpp">
      <Filter>Models</Filter>
    </ClInclude>
    <ClInclude Include="EventID.hpp">
      <Filter>Identifiers</Filter>
    </ClInclude>
    <ClInclude Include="Event.hpp">
      <Filter>Scheduler</Filter>
    </ClInclude>
    <ClInclude Include="Single.hpp">
      <Filter>Simulator</Filter>
    </ClInclude>
    <ClInclude Include="World.hpp">
      <Filter>Simulator</Filter>
    </ClInclude>
    <ClInclude Include="ParticleContainerImpl.hpp">
      <Filter>Simulator</Filter>
    </ClInclude>
    <ClInclude Include="StructureType.hpp">
      <Filter>Models</Filter>
    </ClInclude>
    <ClInclude Include="Pair.hpp">
      <Filter>Simulator</Filter>
    </ClInclude>
    <ClInclude Include="Transaction.hpp">
      <Filter>Simulator</Filter>
    </ClInclude>
    <ClInclude Include="StructureTypeID.hpp">
      <Filter>Identifiers</Filter>
    </ClInclude>
    <ClInclude Include="genericIterator.hpp">
      <Filter>Utils</Filter>
    </ClInclude>
    <ClInclude Include="Matrix4.hpp">
      <Filter>Math</Filter>
    </ClInclude>
    <ClInclude Include="Shell.hpp">
      <Filter>Simulator</Filter>
    </ClInclude>
    <ClInclude Include="EGFRDSimulator.hpp">
      <Filter>Simulator</Filter>
    </ClInclude>
    <ClInclude Include="ParticleSimulator.hpp">
      <Filter>Simulator</Filter>
    </ClInclude>
    <ClInclude Include="BDSimulator.hpp">
      <Filter>Simulator</Filter>
    </ClInclude>
    <ClInclude Include="BDPropagator.hpp">
      <Filter>Simulator</Filter>
    </ClInclude>
    <ClInclude Include="ShellCreateUtils.hpp">
      <Filter>Simulator</Filter>
    </ClInclude>
    <ClInclude Include="ReactionRuleCollection.hpp">
      <Filter>Models</Filter>
    </ClInclude>
    <ClInclude Include="Multi.hpp">
      <Filter>Simulator</Filter>
    </ClInclude>
    <ClInclude Include="GreenFunctionHelpers.hpp">
      <Filter>Utils</Filter>
    </ClInclude>
    <ClInclude Include="CopyNumbers.hpp">
      <Filter>Scheduler</Filter>
    </ClInclude>
    <ClInclude Include="Progress.hpp">
      <Filter>Scheduler</Filter>
    </ClInclude>
    <ClInclude Include="InteractionRule.hpp">
      <Filter>Models</Filter>
    </ClInclude>
    <ClInclude Include="convert.hpp">
      <Filter>Utils</Filter>
    </ClInclude>
    <ClInclude Include="ReactionRecorder.hpp">
      <Filter>Simulator</Filter>
    </ClInclude>
    <ClInclude Include="Persistence.hpp">
      <Filter>Utils</Filter>
    </ClInclude>
  </ItemGroup>
  <ItemGroup>
    <ClInclude Include="Domain.hpp">
      <Filter>Simulator</Filter>
    </ClInclude>
  </ItemGroup>
  <ItemGroup>
    <ClCompile Include="Vector2.cpp">
      <Filter>Math</Filter>
    </ClCompile>
    <ClCompile Include="Vector3.cpp">
      <Filter>Math</Filter>
    </ClCompile>
    <ClCompile Include="PlanarSurface.cpp">
      <Filter>Structures</Filter>
    </ClCompile>
    <ClCompile Include="Matrix4.cpp">
      <Filter>Math</Filter>
    </ClCompile>
    <ClCompile Include="EGFRDSimulator.cpp">
      <Filter>Simulator</Filter>
    </ClCompile>
    <ClCompile Include="Single.cpp">
      <Filter>Simulator</Filter>
    </ClCompile>
    <ClCompile Include="Pair.cpp">
      <Filter>Simulator</Filter>
    </ClCompile>
    <ClCompile Include="Multi.cpp">
      <Filter>Simulator</Filter>
    </ClCompile>
    <ClCompile Include="Persistence.cpp">
      <Filter>Utils</Filter>
    </ClCompile>
  </ItemGroup>
  <ItemGroup>
    <None Include="Shapes.cd">
      <Filter>Shapes</Filter>
    </None>
    <None Include="ClassDiagram.cd" />
  </ItemGroup>
  <ItemGroup>
    <Natvis Include="Debug.natvis" />
  </ItemGroup>
</Project>