<?xml version="1.0" encoding="utf-8"?>
<Project ToolsVersion="4.0" xmlns="http://schemas.microsoft.com/developer/msbuild/2003">
  <ItemGroup>
    <Filter Include="Math">
      <UniqueIdentifier>{27ce28ef-8e6d-40ca-a3b3-fc8f2017af37}</UniqueIdentifier>
    </Filter>
    <Filter Include="Shapes">
      <UniqueIdentifier>{98e421be-adec-4a1c-8629-095d6ce388a2}</UniqueIdentifier>
    </Filter>
    <Filter Include="Scheduler">
      <UniqueIdentifier>{1a4cb52f-0973-40c1-ade7-f759bd3983ce}</UniqueIdentifier>
    </Filter>
    <Filter Include="Simulator">
      <UniqueIdentifier>{ff6eb662-4cf6-4d69-bdea-a79870cee253}</UniqueIdentifier>
    </Filter>
    <Filter Include="Models">
      <UniqueIdentifier>{0e65d3da-0292-49fb-91d0-7a0a837ad256}</UniqueIdentifier>
    </Filter>
    <Filter Include="Identifiers">
      <UniqueIdentifier>{37509ab0-f2e1-4b43-9d10-7d2d5d2be926}</UniqueIdentifier>
    </Filter>
    <Filter Include="Utils">
      <UniqueIdentifier>{6d2ae127-3e4c-41d1-b85b-3cb9fab197e1}</UniqueIdentifier>
    </Filter>
    <Filter Include="Samples">
      <UniqueIdentifier>{5e3996f8-acc2-420a-9e9e-5bb4eb51a32d}</UniqueIdentifier>
    </Filter>
  </ItemGroup>
  <ItemGroup>
    <ClCompile Include="Vector2_test.cpp">
      <Filter>Math</Filter>
    </ClCompile>
    <ClCompile Include="Vector3_test.cpp">
      <Filter>Math</Filter>
    </ClCompile>
    <ClCompile Include="Sphere_test.cpp">
      <Filter>Shapes</Filter>
    </ClCompile>
    <ClCompile Include="Box_test.cpp">
      <Filter>Shapes</Filter>
    </ClCompile>
    <ClCompile Include="Disk_test.cpp">
      <Filter>Shapes</Filter>
    </ClCompile>
    <ClCompile Include="Cylinder_test.cpp">
      <Filter>Shapes</Filter>
    </ClCompile>
    <ClCompile Include="EventScheduler_test.cpp">
      <Filter>Scheduler</Filter>
    </ClCompile>
    <ClCompile Include="MatrixSpace_test.cpp">
      <Filter>Simulator</Filter>
    </ClCompile>
    <ClCompile Include="tinytest.cpp" />
    <ClCompile Include="Model_test.cpp">
      <Filter>Models</Filter>
    </ClCompile>
    <ClCompile Include="Plane_test.cpp">
      <Filter>Shapes</Filter>
    </ClCompile>
    <ClCompile Include="World_test.cpp">
      <Filter>Simulator</Filter>
    </ClCompile>
    <ClCompile Include="Identifier_test.cpp">
      <Filter>Identifiers</Filter>
    </ClCompile>
    <ClCompile Include="ParticleContainer_test.cpp">
      <Filter>Simulator</Filter>
    </ClCompile>
    <ClCompile Include="GenericIterator_test.cpp">
      <Filter>Utils</Filter>
    </ClCompile>
    <ClCompile Include="Single_test.cpp">
      <Filter>Simulator</Filter>
    </ClCompile>
    <ClCompile Include="ParticleSimulator_test.cpp">
      <Filter>Simulator</Filter>
    </ClCompile>
    <ClCompile Include="BDSimulator_test.cpp">
      <Filter>Simulator</Filter>
    </ClCompile>
    <ClCompile Include="TestSimple.cpp">
      <Filter>Samples</Filter>
    </ClCompile>
    <ClCompile Include="Persistence_test.cpp">
      <Filter>Utils</Filter>
    </ClCompile>
  </ItemGroup>
  <ItemGroup>
    <ClInclude Include="Vector2_test.hpp">
      <Filter>Math</Filter>
    </ClInclude>
    <ClInclude Include="Vector3_test.hpp">
      <Filter>Math</Filter>
    </ClInclude>
    <ClInclude Include="Box_test.hpp">
      <Filter>Shapes</Filter>
    </ClInclude>
    <ClInclude Include="Cylinder_test.hpp">
      <Filter>Shapes</Filter>
    </ClInclude>
    <ClInclude Include="Disk_test.hpp">
      <Filter>Shapes</Filter>
    </ClInclude>
    <ClInclude Include="EventScheduler_test.hpp">
      <Filter>Scheduler</Filter>
    </ClInclude>
    <ClInclude Include="MatrixSpace_test.hpp">
      <Filter>Simulator</Filter>
    </ClInclude>
    <ClInclude Include="..\common\tinytest.h" />
    <ClInclude Include="Model_test.hpp">
      <Filter>Models</Filter>
    </ClInclude>
    <ClInclude Include="Plane_test.hpp">
      <Filter>Shapes</Filter>
    </ClInclude>
    <ClInclude Include="Sphere_test.hpp">
      <Filter>Shapes</Filter>
    </ClInclude>
    <ClInclude Include="World_test.hpp">
      <Filter>Simulator</Filter>
    </ClInclude>
    <ClInclude Include="Identifier_test.hpp">
      <Filter>Identifiers</Filter>
    </ClInclude>
    <ClInclude Include="ParticleContainer_test.hpp">
      <Filter>Simulator</Filter>
    </ClInclude>
    <ClInclude Include="GenericIterator_test.hpp">
      <Filter>Utils</Filter>
    </ClInclude>
    <ClInclude Include="Single_test.hpp">
      <Filter>Simulator</Filter>
    </ClInclude>
    <ClInclude Include="ParticleSimulator_test.hpp">
      <Filter>Simulator</Filter>
    </ClInclude>
    <ClInclude Include="BDSimulator_test.hpp">
      <Filter>Simulator</Filter>
    </ClInclude>
    <ClInclude Include="TestSimple.hpp">
      <Filter>Samples</Filter>
    </ClInclude>
    <ClInclude Include="Persistence_test.hpp">
      <Filter>Utils</Filter>
    </ClInclude>
  </ItemGroup>
</Project>